Microsoft Visual Studio Solution File, Format Version 11.00
# Visual Studio 2010
Project("{FAE04EC0-301F-11D3-BF4B-00C04F79EFBC}") = "Dashboard_PerformDrillDown_Web", "Dashboard_PerformDrillDown\Dashboard_PerformDrillDown_Web.csproj", "{0D7282E9-3EEB-4725-A2AA-3B2E13634B93}"
EndProject
Global
	GlobalSection(SolutionConfigurationPlatforms) = preSolution
		Debug|Any CPU = Debug|Any CPU
		Release|Any CPU = Release|Any CPU
	EndGlobalSection
	GlobalSection(ProjectConfigurationPlatforms) = postSolution
		{0D7282E9-3EEB-4725-A2AA-3B2E13634B93}.Debug|Any CPU.ActiveCfg = Debug|Any CPU
		{0D7282E9-3EEB-4725-A2AA-3B2E13634B93}.Debug|Any CPU.Build.0 = Debug|Any CPU
		{0D7282E9-3EEB-4725-A2AA-3B2E13634B93}.Release|Any CPU.ActiveCfg = Release|Any CPU
		{0D7282E9-3EEB-4725-A2AA-3B2E13634B93}.Release|Any CPU.Build.0 = Release|Any CPU
	EndGlobalSection
	GlobalSection(SolutionProperties) = preSolution
		HideSolutionNode = FALSE
	EndGlobalSection
EndGlobal
